
Microsoft Visual Studio Solution File, Format Version 12.00
# Visual Studio Version 17
VisualStudioVersion = 17.3.32819.101
MinimumVisualStudioVersion = 10.0.40219.1
Project("{FAE04EC0-301F-11D3-BF4B-00C04F79EFBC}") = "AK", "AK\AK.csproj", "{D15F4FFA-183F-4742-AC4C-BFB4E08211AD}"
EndProject
Global
	GlobalSection(SolutionConfigurationPlatforms) = preSolution
		Debug|Any CPU = Debug|Any CPU
		Release|Any CPU = Release|Any CPU
	EndGlobalSection
	GlobalSection(ProjectConfigurationPlatforms) = postSolution
		{D15F4FFA-183F-4742-AC4C-BFB4E08211AD}.Debug|Any CPU.ActiveCfg = Debug|Any CPU
		{D15F4FFA-183F-4742-AC4C-BFB4E08211AD}.Debug|Any CPU.Build.0 = Debug|Any CPU
		{D15F4FFA-183F-4742-AC4C-BFB4E08211AD}.Release|Any CPU.ActiveCfg = Release|Any CPU
		{D15F4FFA-183F-4742-AC4C-BFB4E08211AD}.Release|Any CPU.Build.0 = Release|Any CPU
	EndGlobalSection
	GlobalSection(SolutionProperties) = preSolution
		HideSolutionNode = FALSE
	EndGlobalSection
	GlobalSection(ExtensibilityGlobals) = postSolution
		SolutionGuid = {95EB73D8-4B69-4877-AFB9-DED9F026C0F4}
	EndGlobalSection
EndGlobal
